// !$*UTF8*$!
{
	archiveVersion = 1;
	classes = {
	};
	objectVersion = 46;
	objects = {

/* Begin PBXBuildFile section */
		2E287D9D944EFAC32913146C /* Pods_RemMe.framework in Frameworks */ = {isa = PBXBuildFile; fileRef = 1AF7AA212B8A28AC95E4B0DA /* Pods_RemMe.framework */; };
		44091AAD1D6B64D50010EE4B /* AppDelegate.swift in Sources */ = {isa = PBXBuildFile; fileRef = 44091AAC1D6B64D50010EE4B /* AppDelegate.swift */; };
		44091AAF1D6B64D50010EE4B /* RMMainViewController.swift in Sources */ = {isa = PBXBuildFile; fileRef = 44091AAE1D6B64D50010EE4B /* RMMainViewController.swift */; };
		44091AB41D6B64D50010EE4B /* Assets.xcassets in Resources */ = {isa = PBXBuildFile; fileRef = 44091AB31D6B64D50010EE4B /* Assets.xcassets */; };
		44091AB71D6B64D50010EE4B /* LaunchScreen.storyboard in Resources */ = {isa = PBXBuildFile; fileRef = 44091AB51D6B64D50010EE4B /* LaunchScreen.storyboard */; };
		4470ABFE1D6CA92600E120E0 /* RMFilmsViewController.swift in Sources */ = {isa = PBXBuildFile; fileRef = 4470ABFD1D6CA92600E120E0 /* RMFilmsViewController.swift */; };
		4470AC021D6CA97500E120E0 /* RMTableView.swift in Sources */ = {isa = PBXBuildFile; fileRef = 4470AC011D6CA97500E120E0 /* RMTableView.swift */; };
		4470AC051D6CA9A900E120E0 /* RMTableViewCell.swift in Sources */ = {isa = PBXBuildFile; fileRef = 4470AC041D6CA9A900E120E0 /* RMTableViewCell.swift */; };
		448B441F1D6C8BA2001E2168 /* RMTVSerie.swift in Sources */ = {isa = PBXBuildFile; fileRef = 448B441E1D6C8BA2001E2168 /* RMTVSerie.swift */; };
		448B44211D6C8CDA001E2168 /* RMSong.swift in Sources */ = {isa = PBXBuildFile; fileRef = 448B44201D6C8CDA001E2168 /* RMSong.swift */; };
		448B44231D6C8D06001E2168 /* RMFilm.swift in Sources */ = {isa = PBXBuildFile; fileRef = 448B44221D6C8D06001E2168 /* RMFilm.swift */; };
		448B44251D6C8D1E001E2168 /* RMBook.swift in Sources */ = {isa = PBXBuildFile; fileRef = 448B44241D6C8D1E001E2168 /* RMBook.swift */; };
		449D991C1D6B68510066679C /* RMViewController.swift in Sources */ = {isa = PBXBuildFile; fileRef = 449D991B1D6B68510066679C /* RMViewController.swift */; };
		449D991E1D6B68640066679C /* RMNavigationController.swift in Sources */ = {isa = PBXBuildFile; fileRef = 449D991D1D6B68640066679C /* RMNavigationController.swift */; };
		449D99231D6B68EF0066679C /* RMColor.swift in Sources */ = {isa = PBXBuildFile; fileRef = 449D99221D6B68EF0066679C /* RMColor.swift */; };
		449D99251D6B69840066679C /* RMImageView.swift in Sources */ = {isa = PBXBuildFile; fileRef = 449D99241D6B69840066679C /* RMImageView.swift */; };
		449D99271D6B6A630066679C /* RMCollectionViewCell.swift in Sources */ = {isa = PBXBuildFile; fileRef = 449D99261D6B6A630066679C /* RMCollectionViewCell.swift */; };
		449D99291D6B6A720066679C /* RMMainCollectionViewCell.swift in Sources */ = {isa = PBXBuildFile; fileRef = 449D99281D6B6A720066679C /* RMMainCollectionViewCell.swift */; };
		449D992B1D6B6C040066679C /* RMCollectionView.swift in Sources */ = {isa = PBXBuildFile; fileRef = 449D992A1D6B6C040066679C /* RMCollectionView.swift */; };
		449D992D1D6B6C390066679C /* RMLabel.swift in Sources */ = {isa = PBXBuildFile; fileRef = 449D992C1D6B6C390066679C /* RMLabel.swift */; };
		44B5E33F1D6CEB9700747174 /* Main.storyboard in Resources */ = {isa = PBXBuildFile; fileRef = 44B5E33E1D6CEB9700747174 /* Main.storyboard */; };
		44CA79071D6CEA4400C028F2 /* Films.storyboard in Resources */ = {isa = PBXBuildFile; fileRef = 44CA79061D6CEA4400C028F2 /* Films.storyboard */; };
		44E77C911D72C09F00730236 /* RMFilmsTableViewCell.swift in Sources */ = {isa = PBXBuildFile; fileRef = 44E77C901D72C09F00730236 /* RMFilmsTableViewCell.swift */; };
		44FF44F91D72202300F23395 /* RMLocalStorage.swift in Sources */ = {isa = PBXBuildFile; fileRef = 44FF44F81D72202300F23395 /* RMLocalStorage.swift */; };
		77B1995522A04A5C5A9E4CE8 /* Pods_RemTV.framework in Frameworks */ = {isa = PBXBuildFile; fileRef = 2F0DC2FF30AA34C31E29E585 /* Pods_RemTV.framework */; };
/* End PBXBuildFile section */

/* Begin PBXFileReference section */
		1AF7AA212B8A28AC95E4B0DA /* Pods_RemMe.framework */ = {isa = PBXFileReference; explicitFileType = wrapper.framework; includeInIndex = 0; path = Pods_RemMe.framework; sourceTree = BUILT_PRODUCTS_DIR; };
		2F0DC2FF30AA34C31E29E585 /* Pods_RemTV.framework */ = {isa = PBXFileReference; explicitFileType = wrapper.framework; includeInIndex = 0; path = Pods_RemTV.framework; sourceTree = BUILT_PRODUCTS_DIR; };
		3C75AB77F482F750DCB4F3A5 /* Pods-RemMe.debug.xcconfig */ = {isa = PBXFileReference; includeInIndex = 1; lastKnownFileType = text.xcconfig; name = "Pods-RemMe.debug.xcconfig"; path = "Pods/Target Support Files/Pods-RemMe/Pods-RemMe.debug.xcconfig"; sourceTree = "<group>"; };
		44091AA91D6B64D50010EE4B /* RemMe.app */ = {isa = PBXFileReference; explicitFileType = wrapper.application; includeInIndex = 0; path = RemMe.app; sourceTree = BUILT_PRODUCTS_DIR; };
		44091AAC1D6B64D50010EE4B /* AppDelegate.swift */ = {isa = PBXFileReference; lastKnownFileType = sourcecode.swift; name = AppDelegate.swift; path = Misc/AppDelegate.swift; sourceTree = "<group>"; };
		44091AAE1D6B64D50010EE4B /* RMMainViewController.swift */ = {isa = PBXFileReference; lastKnownFileType = sourcecode.swift; name = RMMainViewController.swift; path = Main/Controller/RMMainViewController.swift; sourceTree = "<group>"; };
		44091AB31D6B64D50010EE4B /* Assets.xcassets */ = {isa = PBXFileReference; lastKnownFileType = folder.assetcatalog; name = Assets.xcassets; path = Assets/Assets.xcassets; sourceTree = "<group>"; };
		44091AB61D6B64D50010EE4B /* Base */ = {isa = PBXFileReference; lastKnownFileType = file.storyboard; name = Base; path = Base.lproj/LaunchScreen.storyboard; sourceTree = "<group>"; };
		44091AB81D6B64D50010EE4B /* Info.plist */ = {isa = PBXFileReference; lastKnownFileType = text.plist.xml; name = Info.plist; path = Misc/Info.plist; sourceTree = "<group>"; };
		4470ABFD1D6CA92600E120E0 /* RMFilmsViewController.swift */ = {isa = PBXFileReference; fileEncoding = 4; lastKnownFileType = sourcecode.swift; name = RMFilmsViewController.swift; path = Films/Controller/RMFilmsViewController.swift; sourceTree = "<group>"; };
		4470AC011D6CA97500E120E0 /* RMTableView.swift */ = {isa = PBXFileReference; fileEncoding = 4; lastKnownFileType = sourcecode.swift; name = RMTableView.swift; path = Subclasses/RMTableView.swift; sourceTree = "<group>"; };
		4470AC041D6CA9A900E120E0 /* RMTableViewCell.swift */ = {isa = PBXFileReference; fileEncoding = 4; lastKnownFileType = sourcecode.swift; name = RMTableViewCell.swift; path = Subclasses/RMTableViewCell.swift; sourceTree = "<group>"; };
		448B441E1D6C8BA2001E2168 /* RMTVSerie.swift */ = {isa = PBXFileReference; fileEncoding = 4; lastKnownFileType = sourcecode.swift; name = RMTVSerie.swift; path = Model/RMTVSerie.swift; sourceTree = "<group>"; };
		448B44201D6C8CDA001E2168 /* RMSong.swift */ = {isa = PBXFileReference; fileEncoding = 4; lastKnownFileType = sourcecode.swift; name = RMSong.swift; path = Model/RMSong.swift; sourceTree = "<group>"; };
		448B44221D6C8D06001E2168 /* RMFilm.swift */ = {isa = PBXFileReference; fileEncoding = 4; lastKnownFileType = sourcecode.swift; name = RMFilm.swift; path = Model/RMFilm.swift; sourceTree = "<group>"; };
		448B44241D6C8D1E001E2168 /* RMBook.swift */ = {isa = PBXFileReference; fileEncoding = 4; lastKnownFileType = sourcecode.swift; name = RMBook.swift; path = Model/RMBook.swift; sourceTree = "<group>"; };
		449D991B1D6B68510066679C /* RMViewController.swift */ = {isa = PBXFileReference; fileEncoding = 4; lastKnownFileType = sourcecode.swift; name = RMViewController.swift; path = Subclasses/RMViewController.swift; sourceTree = "<group>"; };
		449D991D1D6B68640066679C /* RMNavigationController.swift */ = {isa = PBXFileReference; fileEncoding = 4; lastKnownFileType = sourcecode.swift; name = RMNavigationController.swift; path = Subclasses/RMNavigationController.swift; sourceTree = "<group>"; };
		449D99211D6B68CA0066679C /* RMColor.h */ = {isa = PBXFileReference; lastKnownFileType = sourcecode.c.h; name = RMColor.h; path = Assets/RMColor.h; sourceTree = "<group>"; };
		449D99221D6B68EF0066679C /* RMColor.swift */ = {isa = PBXFileReference; fileEncoding = 4; lastKnownFileType = sourcecode.swift; name = RMColor.swift; path = Subclasses/RMColor.swift; sourceTree = "<group>"; };
		449D99241D6B69840066679C /* RMImageView.swift */ = {isa = PBXFileReference; fileEncoding = 4; lastKnownFileType = sourcecode.swift; name = RMImageView.swift; path = Subclasses/RMImageView.swift; sourceTree = "<group>"; };
		449D99261D6B6A630066679C /* RMCollectionViewCell.swift */ = {isa = PBXFileReference; fileEncoding = 4; lastKnownFileType = sourcecode.swift; name = RMCollectionViewCell.swift; path = Subclasses/RMCollectionViewCell.swift; sourceTree = "<group>"; };
		449D99281D6B6A720066679C /* RMMainCollectionViewCell.swift */ = {isa = PBXFileReference; fileEncoding = 4; lastKnownFileType = sourcecode.swift; name = RMMainCollectionViewCell.swift; path = Main/Subclasses/RMMainCollectionViewCell.swift; sourceTree = "<group>"; };
		449D992A1D6B6C040066679C /* RMCollectionView.swift */ = {isa = PBXFileReference; fileEncoding = 4; lastKnownFileType = sourcecode.swift; name = RMCollectionView.swift; path = Subclasses/RMCollectionView.swift; sourceTree = "<group>"; };
		449D992C1D6B6C390066679C /* RMLabel.swift */ = {isa = PBXFileReference; fileEncoding = 4; lastKnownFileType = sourcecode.swift; name = RMLabel.swift; path = Subclasses/RMLabel.swift; sourceTree = "<group>"; };
		44B5E33E1D6CEB9700747174 /* Main.storyboard */ = {isa = PBXFileReference; fileEncoding = 4; lastKnownFileType = file.storyboard; name = Main.storyboard; path = Main/Views/Main.storyboard; sourceTree = "<group>"; };
		44CA79061D6CEA4400C028F2 /* Films.storyboard */ = {isa = PBXFileReference; fileEncoding = 4; lastKnownFileType = file.storyboard; name = Films.storyboard; path = Films/View/Films.storyboard; sourceTree = "<group>"; };
		44E77C901D72C09F00730236 /* RMFilmsTableViewCell.swift */ = {isa = PBXFileReference; fileEncoding = 4; lastKnownFileType = sourcecode.swift; name = RMFilmsTableViewCell.swift; path = Films/Subclasses/RMFilmsTableViewCell.swift; sourceTree = "<group>"; };
		44FF44F81D72202300F23395 /* RMLocalStorage.swift */ = {isa = PBXFileReference; fileEncoding = 4; lastKnownFileType = sourcecode.swift; name = RMLocalStorage.swift; path = Storage/RMLocalStorage.swift; sourceTree = "<group>"; };
		9578B7673DE64E1E0AFF085D /* Pods-RemTV.debug.xcconfig */ = {isa = PBXFileReference; includeInIndex = 1; lastKnownFileType = text.xcconfig; name = "Pods-RemTV.debug.xcconfig"; path = "Pods/Target Support Files/Pods-RemTV/Pods-RemTV.debug.xcconfig"; sourceTree = "<group>"; };
		C0CC7634770F17D9C332FE08 /* Pods-RemMe.release.xcconfig */ = {isa = PBXFileReference; includeInIndex = 1; lastKnownFileType = text.xcconfig; name = "Pods-RemMe.release.xcconfig"; path = "Pods/Target Support Files/Pods-RemMe/Pods-RemMe.release.xcconfig"; sourceTree = "<group>"; };
		C2B9636E8207D048CCD382D5 /* Pods-RemTV.release.xcconfig */ = {isa = PBXFileReference; includeInIndex = 1; lastKnownFileType = text.xcconfig; name = "Pods-RemTV.release.xcconfig"; path = "Pods/Target Support Files/Pods-RemTV/Pods-RemTV.release.xcconfig"; sourceTree = "<group>"; };
/* End PBXFileReference section */

/* Begin PBXFrameworksBuildPhase section */
		44091AA61D6B64D50010EE4B /* Frameworks */ = {
			isa = PBXFrameworksBuildPhase;
			buildActionMask = 2147483647;
			files = (
				77B1995522A04A5C5A9E4CE8 /* Pods_RemTV.framework in Frameworks */,
				2E287D9D944EFAC32913146C /* Pods_RemMe.framework in Frameworks */,
			);
			runOnlyForDeploymentPostprocessing = 0;
		};
/* End PBXFrameworksBuildPhase section */

/* Begin PBXGroup section */
		062374F05788C798EE5E223D /* Pods */ = {
			isa = PBXGroup;
			children = (
				9578B7673DE64E1E0AFF085D /* Pods-RemTV.debug.xcconfig */,
				C2B9636E8207D048CCD382D5 /* Pods-RemTV.release.xcconfig */,
				3C75AB77F482F750DCB4F3A5 /* Pods-RemMe.debug.xcconfig */,
				C0CC7634770F17D9C332FE08 /* Pods-RemMe.release.xcconfig */,
			);
			name = Pods;
			sourceTree = "<group>";
		};
		44091AA01D6B64D50010EE4B = {
			isa = PBXGroup;
			children = (
				44091AAB1D6B64D50010EE4B /* RemMe */,
				44091AAA1D6B64D50010EE4B /* Products */,
				062374F05788C798EE5E223D /* Pods */,
				ACD178773D8F9507D2B91AC1 /* Frameworks */,
			);
			sourceTree = "<group>";
		};
		44091AAA1D6B64D50010EE4B /* Products */ = {
			isa = PBXGroup;
			children = (
				44091AA91D6B64D50010EE4B /* RemMe.app */,
			);
			name = Products;
			sourceTree = "<group>";
		};
		44091AAB1D6B64D50010EE4B /* RemMe */ = {
			isa = PBXGroup;
			children = (
				44FF44F71D72200B00F23395 /* Storage */,
				448B441D1D6C8B86001E2168 /* Model */,
				449D99181D6B682C0066679C /* Subclasses */,
				449D99171D6B67FE0066679C /* Main */,
				4470ABFF1D6CA93100E120E0 /* Films */,
				449D99201D6B68940066679C /* Misc */,
				449D991F1D6B688B0066679C /* Assets */,
			);
			path = RemMe;
			sourceTree = "<group>";
			usesTabs = 1;
		};
		4470ABFF1D6CA93100E120E0 /* Films */ = {
			isa = PBXGroup;
			children = (
				44CA79051D6CEA1A00C028F2 /* View */,
				4470AC031D6CA99100E120E0 /* Subclasses */,
				4470AC001D6CA93C00E120E0 /* Controller */,
			);
			name = Films;
			sourceTree = "<group>";
		};
		4470AC001D6CA93C00E120E0 /* Controller */ = {
			isa = PBXGroup;
			children = (
				4470ABFD1D6CA92600E120E0 /* RMFilmsViewController.swift */,
			);
			name = Controller;
			sourceTree = "<group>";
		};
		4470AC031D6CA99100E120E0 /* Subclasses */ = {
			isa = PBXGroup;
			children = (
				44E77C901D72C09F00730236 /* RMFilmsTableViewCell.swift */,
			);
			name = Subclasses;
			sourceTree = "<group>";
		};
		448B441D1D6C8B86001E2168 /* Model */ = {
			isa = PBXGroup;
			children = (
				448B441E1D6C8BA2001E2168 /* RMTVSerie.swift */,
				448B44201D6C8CDA001E2168 /* RMSong.swift */,
				448B44221D6C8D06001E2168 /* RMFilm.swift */,
				448B44241D6C8D1E001E2168 /* RMBook.swift */,
			);
			name = Model;
			sourceTree = "<group>";
		};
		449D99171D6B67FE0066679C /* Main */ = {
			isa = PBXGroup;
			children = (
				449D992E1D6B74B90066679C /* Controller */,
				449D992F1D6B74C20066679C /* View */,
				449D99301D6B74CA0066679C /* Subclasses */,
			);
			name = Main;
			sourceTree = "<group>";
		};
		449D99181D6B682C0066679C /* Subclasses */ = {
			isa = PBXGroup;
			children = (
				449D991B1D6B68510066679C /* RMViewController.swift */,
				449D991D1D6B68640066679C /* RMNavigationController.swift */,
				449D99221D6B68EF0066679C /* RMColor.swift */,
				449D99241D6B69840066679C /* RMImageView.swift */,
				449D99261D6B6A630066679C /* RMCollectionViewCell.swift */,
				449D992A1D6B6C040066679C /* RMCollectionView.swift */,
				449D992C1D6B6C390066679C /* RMLabel.swift */,
				4470AC011D6CA97500E120E0 /* RMTableView.swift */,
				4470AC041D6CA9A900E120E0 /* RMTableViewCell.swift */,
			);
			name = Subclasses;
			sourceTree = "<group>";
		};
		449D991F1D6B688B0066679C /* Assets */ = {
			isa = PBXGroup;
			children = (
				44091AB31D6B64D50010EE4B /* Assets.xcassets */,
				44091AB51D6B64D50010EE4B /* LaunchScreen.storyboard */,
				449D99211D6B68CA0066679C /* RMColor.h */,
			);
			name = Assets;
			sourceTree = "<group>";
		};
		449D99201D6B68940066679C /* Misc */ = {
			isa = PBXGroup;
			children = (
				44091AAC1D6B64D50010EE4B /* AppDelegate.swift */,
				44091AB81D6B64D50010EE4B /* Info.plist */,
			);
			name = Misc;
			sourceTree = "<group>";
		};
		449D992E1D6B74B90066679C /* Controller */ = {
			isa = PBXGroup;
			children = (
				44091AAE1D6B64D50010EE4B /* RMMainViewController.swift */,
			);
			name = Controller;
			sourceTree = "<group>";
		};
		449D992F1D6B74C20066679C /* View */ = {
			isa = PBXGroup;
			children = (
				44B5E33E1D6CEB9700747174 /* Main.storyboard */,
			);
			name = View;
			sourceTree = "<group>";
		};
		449D99301D6B74CA0066679C /* Subclasses */ = {
			isa = PBXGroup;
			children = (
				449D99281D6B6A720066679C /* RMMainCollectionViewCell.swift */,
			);
			name = Subclasses;
			sourceTree = "<group>";
		};
		44CA79051D6CEA1A00C028F2 /* View */ = {
			isa = PBXGroup;
			children = (
				44CA79061D6CEA4400C028F2 /* Films.storyboard */,
			);
			name = View;
			sourceTree = "<group>";
		};
		44FF44F71D72200B00F23395 /* Storage */ = {
			isa = PBXGroup;
			children = (
				44FF44F81D72202300F23395 /* RMLocalStorage.swift */,
			);
			name = Storage;
			sourceTree = "<group>";
		};
		ACD178773D8F9507D2B91AC1 /* Frameworks */ = {
			isa = PBXGroup;
			children = (
				2F0DC2FF30AA34C31E29E585 /* Pods_RemTV.framework */,
				1AF7AA212B8A28AC95E4B0DA /* Pods_RemMe.framework */,
			);
			name = Frameworks;
			sourceTree = "<group>";
		};
/* End PBXGroup section */

/* Begin PBXNativeTarget section */
		44091AA81D6B64D50010EE4B /* RemMe */ = {
			isa = PBXNativeTarget;
			buildConfigurationList = 44091ABB1D6B64D50010EE4B /* Build configuration list for PBXNativeTarget "RemMe" */;
			buildPhases = (
				1201D75ECA3E57E8DA8DAF5F /* [CP] Check Pods Manifest.lock */,
				44091AA51D6B64D50010EE4B /* Sources */,
				44091AA61D6B64D50010EE4B /* Frameworks */,
				44091AA71D6B64D50010EE4B /* Resources */,
				211A8649813B3EB57D5215CE /* [CP] Embed Pods Frameworks */,
				DE3E033062EE6216B61CF0B4 /* [CP] Copy Pods Resources */,
			);
			buildRules = (
			);
			dependencies = (
			);
			name = RemMe;
			productName = RemTV;
			productReference = 44091AA91D6B64D50010EE4B /* RemMe.app */;
			productType = "com.apple.product-type.application";
		};
/* End PBXNativeTarget section */

/* Begin PBXProject section */
		44091AA11D6B64D50010EE4B /* Project object */ = {
			isa = PBXProject;
			attributes = {
				LastSwiftUpdateCheck = 0730;
				LastUpgradeCheck = 0730;
				ORGANIZATIONNAME = IQUII;
				TargetAttributes = {
					44091AA81D6B64D50010EE4B = {
						CreatedOnToolsVersion = 7.3.1;
					};
				};
			};
			buildConfigurationList = 44091AA41D6B64D50010EE4B /* Build configuration list for PBXProject "RemMe" */;
			compatibilityVersion = "Xcode 3.2";
			developmentRegion = English;
			hasScannedForEncodings = 0;
			knownRegions = (
				en,
				Base,
			);
			mainGroup = 44091AA01D6B64D50010EE4B;
			productRefGroup = 44091AAA1D6B64D50010EE4B /* Products */;
			projectDirPath = "";
			projectRoot = "";
			targets = (
				44091AA81D6B64D50010EE4B /* RemMe */,
			);
		};
/* End PBXProject section */

/* Begin PBXResourcesBuildPhase section */
		44091AA71D6B64D50010EE4B /* Resources */ = {
			isa = PBXResourcesBuildPhase;
			buildActionMask = 2147483647;
			files = (
				44091AB71D6B64D50010EE4B /* LaunchScreen.storyboard in Resources */,
				44B5E33F1D6CEB9700747174 /* Main.storyboard in Resources */,
				44091AB41D6B64D50010EE4B /* Assets.xcassets in Resources */,
				44CA79071D6CEA4400C028F2 /* Films.storyboard in Resources */,
			);
			runOnlyForDeploymentPostprocessing = 0;
		};
/* End PBXResourcesBuildPhase section */

/* Begin PBXShellScriptBuildPhase section */
		1201D75ECA3E57E8DA8DAF5F /* [CP] Check Pods Manifest.lock */ = {
			isa = PBXShellScriptBuildPhase;
			buildActionMask = 2147483647;
			files = (
			);
			inputPaths = (
			);
			name = "[CP] Check Pods Manifest.lock";
			outputPaths = (
			);
			runOnlyForDeploymentPostprocessing = 0;
			shellPath = /bin/sh;
			shellScript = "diff \"${PODS_ROOT}/../Podfile.lock\" \"${PODS_ROOT}/Manifest.lock\" > /dev/null\nif [[ $? != 0 ]] ; then\n    cat << EOM\nerror: The sandbox is not in sync with the Podfile.lock. Run 'pod install' or update your CocoaPods installation.\nEOM\n    exit 1\nfi\n";
			showEnvVarsInLog = 0;
		};
		211A8649813B3EB57D5215CE /* [CP] Embed Pods Frameworks */ = {
			isa = PBXShellScriptBuildPhase;
			buildActionMask = 2147483647;
			files = (
			);
			inputPaths = (
			);
			name = "[CP] Embed Pods Frameworks";
			outputPaths = (
			);
			runOnlyForDeploymentPostprocessing = 0;
			shellPath = /bin/sh;
			shellScript = "\"${SRCROOT}/Pods/Target Support Files/Pods-RemMe/Pods-RemMe-frameworks.sh\"\n";
			showEnvVarsInLog = 0;
		};
		DE3E033062EE6216B61CF0B4 /* [CP] Copy Pods Resources */ = {
			isa = PBXShellScriptBuildPhase;
			buildActionMask = 2147483647;
			files = (
			);
			inputPaths = (
			);
			name = "[CP] Copy Pods Resources";
			outputPaths = (
			);
			runOnlyForDeploymentPostprocessing = 0;
			shellPath = /bin/sh;
			shellScript = "\"${SRCROOT}/Pods/Target Support Files/Pods-RemMe/Pods-RemMe-resources.sh\"\n";
			showEnvVarsInLog = 0;
		};
/* End PBXShellScriptBuildPhase section */

/* Begin PBXSourcesBuildPhase section */
		44091AA51D6B64D50010EE4B /* Sources */ = {
			isa = PBXSourcesBuildPhase;
			buildActionMask = 2147483647;
			files = (
				4470AC051D6CA9A900E120E0 /* RMTableViewCell.swift in Sources */,
				449D991C1D6B68510066679C /* RMViewController.swift in Sources */,
				449D99231D6B68EF0066679C /* RMColor.swift in Sources */,
				44091AAF1D6B64D50010EE4B /* RMMainViewController.swift in Sources */,
				448B44251D6C8D1E001E2168 /* RMBook.swift in Sources */,
				449D991E1D6B68640066679C /* RMNavigationController.swift in Sources */,
				449D99291D6B6A720066679C /* RMMainCollectionViewCell.swift in Sources */,
				44091AAD1D6B64D50010EE4B /* AppDelegate.swift in Sources */,
				44FF44F91D72202300F23395 /* RMLocalStorage.swift in Sources */,
				449D99251D6B69840066679C /* RMImageView.swift in Sources */,
				448B441F1D6C8BA2001E2168 /* RMTVSerie.swift in Sources */,
				449D992D1D6B6C390066679C /* RMLabel.swift in Sources */,
				448B44231D6C8D06001E2168 /* RMFilm.swift in Sources */,
				448B44211D6C8CDA001E2168 /* RMSong.swift in Sources */,
				449D992B1D6B6C040066679C /* RMCollectionView.swift in Sources */,
				44E77C911D72C09F00730236 /* RMFilmsTableViewCell.swift in Sources */,
				449D99271D6B6A630066679C /* RMCollectionViewCell.swift in Sources */,
				4470AC021D6CA97500E120E0 /* RMTableView.swift in Sources */,
				4470ABFE1D6CA92600E120E0 /* RMFilmsViewController.swift in Sources */,
			);
			runOnlyForDeploymentPostprocessing = 0;
		};
/* End PBXSourcesBuildPhase section */

/* Begin PBXVariantGroup section */
		44091AB51D6B64D50010EE4B /* LaunchScreen.storyboard */ = {
			isa = PBXVariantGroup;
			children = (
				44091AB61D6B64D50010EE4B /* Base */,
			);
			name = LaunchScreen.storyboard;
			sourceTree = "<group>";
		};
/* End PBXVariantGroup section */

/* Begin XCBuildConfiguration section */
		44091AB91D6B64D50010EE4B /* Debug */ = {
			isa = XCBuildConfiguration;
			buildSettings = {
				ALWAYS_SEARCH_USER_PATHS = NO;
				CLANG_ANALYZER_NONNULL = YES;
				CLANG_CXX_LANGUAGE_STANDARD = "gnu++0x";
				CLANG_CXX_LIBRARY = "libc++";
				CLANG_ENABLE_MODULES = YES;
				CLANG_ENABLE_OBJC_ARC = YES;
				CLANG_WARN_BOOL_CONVERSION = YES;
				CLANG_WARN_CONSTANT_CONVERSION = YES;
				CLANG_WARN_DIRECT_OBJC_ISA_USAGE = YES_ERROR;
				CLANG_WARN_EMPTY_BODY = YES;
				CLANG_WARN_ENUM_CONVERSION = YES;
				CLANG_WARN_INT_CONVERSION = YES;
				CLANG_WARN_OBJC_ROOT_CLASS = YES_ERROR;
				CLANG_WARN_UNREACHABLE_CODE = YES;
				CLANG_WARN__DUPLICATE_METHOD_MATCH = YES;
				"CODE_SIGN_IDENTITY[sdk=iphoneos*]" = "iPhone Developer";
				COPY_PHASE_STRIP = NO;
				DEBUG_INFORMATION_FORMAT = dwarf;
				ENABLE_STRICT_OBJC_MSGSEND = YES;
				ENABLE_TESTABILITY = YES;
				GCC_C_LANGUAGE_STANDARD = gnu99;
				GCC_DYNAMIC_NO_PIC = NO;
				GCC_NO_COMMON_BLOCKS = YES;
				GCC_OPTIMIZATION_LEVEL = 0;
				GCC_PREPROCESSOR_DEFINITIONS = (
					"DEBUG=1",
					"$(inherited)",
				);
				GCC_WARN_64_TO_32_BIT_CONVERSION = YES;
				GCC_WARN_ABOUT_RETURN_TYPE = YES_ERROR;
				GCC_WARN_UNDECLARED_SELECTOR = YES;
				GCC_WARN_UNINITIALIZED_AUTOS = YES_AGGRESSIVE;
				GCC_WARN_UNUSED_FUNCTION = YES;
				GCC_WARN_UNUSED_VARIABLE = YES;
				IPHONEOS_DEPLOYMENT_TARGET = 9.3;
				MTL_ENABLE_DEBUG_INFO = YES;
				ONLY_ACTIVE_ARCH = YES;
				SDKROOT = iphoneos;
				SWIFT_OPTIMIZATION_LEVEL = "-Onone";
				TARGETED_DEVICE_FAMILY = "1,2";
			};
			name = Debug;
		};
		44091ABA1D6B64D50010EE4B /* Release */ = {
			isa = XCBuildConfiguration;
			buildSettings = {
				ALWAYS_SEARCH_USER_PATHS = NO;
				CLANG_ANALYZER_NONNULL = YES;
				CLANG_CXX_LANGUAGE_STANDARD = "gnu++0x";
				CLANG_CXX_LIBRARY = "libc++";
				CLANG_ENABLE_MODULES = YES;
				CLANG_ENABLE_OBJC_ARC = YES;
				CLANG_WARN_BOOL_CONVERSION = YES;
				CLANG_WARN_CONSTANT_CONVERSION = YES;
				CLANG_WARN_DIRECT_OBJC_ISA_USAGE = YES_ERROR;
				CLANG_WARN_EMPTY_BODY = YES;
				CLANG_WARN_ENUM_CONVERSION = YES;
				CLANG_WARN_INT_CONVERSION = YES;
				CLANG_WARN_OBJC_ROOT_CLASS = YES_ERROR;
				CLANG_WARN_UNREACHABLE_CODE = YES;
				CLANG_WARN__DUPLICATE_METHOD_MATCH = YES;
				"CODE_SIGN_IDENTITY[sdk=iphoneos*]" = "iPhone Developer";
				COPY_PHASE_STRIP = NO;
				DEBUG_INFORMATION_FORMAT = "dwarf-with-dsym";
				ENABLE_NS_ASSERTIONS = NO;
				ENABLE_STRICT_OBJC_MSGSEND = YES;
				GCC_C_LANGUAGE_STANDARD = gnu99;
				GCC_NO_COMMON_BLOCKS = YES;
				GCC_WARN_64_TO_32_BIT_CONVERSION = YES;
				GCC_WARN_ABOUT_RETURN_TYPE = YES_ERROR;
				GCC_WARN_UNDECLARED_SELECTOR = YES;
				GCC_WARN_UNINITIALIZED_AUTOS = YES_AGGRESSIVE;
				GCC_WARN_UNUSED_FUNCTION = YES;
				GCC_WARN_UNUSED_VARIABLE = YES;
				IPHONEOS_DEPLOYMENT_TARGET = 9.3;
				MTL_ENABLE_DEBUG_INFO = NO;
				SDKROOT = iphoneos;
				TARGETED_DEVICE_FAMILY = "1,2";
				VALIDATE_PRODUCT = YES;
			};
			name = Release;
		};
		44091ABC1D6B64D50010EE4B /* Debug */ = {
			isa = XCBuildConfiguration;
			baseConfigurationReference = 3C75AB77F482F750DCB4F3A5 /* Pods-RemMe.debug.xcconfig */;
			buildSettings = {
				ASSETCATALOG_COMPILER_APPICON_NAME = AppIcon;
				ASSETCATALOG_COMPILER_LAUNCHIMAGE_NAME = LaunchImage;
				INFOPLIST_FILE = "$(SRCROOT)/RemMe/Misc/Info.plist";
				LD_RUNPATH_SEARCH_PATHS = "$(inherited) @executable_path/Frameworks";
				PRODUCT_BUNDLE_IDENTIFIER = me.marsportillo.RemMe;
				PRODUCT_NAME = RemMe;
			};
			name = Debug;
		};
		44091ABD1D6B64D50010EE4B /* Release */ = {
			isa = XCBuildConfiguration;
			baseConfigurationReference = C0CC7634770F17D9C332FE08 /* Pods-RemMe.release.xcconfig */;
			buildSettings = {
				ASSETCATALOG_COMPILER_APPICON_NAME = AppIcon;
				ASSETCATALOG_COMPILER_LAUNCHIMAGE_NAME = LaunchImage;
				INFOPLIST_FILE = "$(SRCROOT)/RemMe/Misc/Info.plist";
				LD_RUNPATH_SEARCH_PATHS = "$(inherited) @executable_path/Frameworks";
				PRODUCT_BUNDLE_IDENTIFIER = me.marsportillo.RemMe;
				PRODUCT_NAME = RemMe;
			};
			name = Release;
		};
/* End XCBuildConfiguration section */

/* Begin XCConfigurationList section */
		44091AA41D6B64D50010EE4B /* Build configuration list for PBXProject "RemMe" */ = {
			isa = XCConfigurationList;
			buildConfigurations = (
				44091AB91D6B64D50010EE4B /* Debug */,
				44091ABA1D6B64D50010EE4B /* Release */,
			);
			defaultConfigurationIsVisible = 0;
			defaultConfigurationName = Release;
		};
		44091ABB1D6B64D50010EE4B /* Build configuration list for PBXNativeTarget "RemMe" */ = {
			isa = XCConfigurationList;
			buildConfigurations = (
				44091ABC1D6B64D50010EE4B /* Debug */,
				44091ABD1D6B64D50010EE4B /* Release */,
			);
			defaultConfigurationIsVisible = 0;
			defaultConfigurationName = Release;
		};
/* End XCConfigurationList section */
	};
	rootObject = 44091AA11D6B64D50010EE4B /* Project object */;
}
